
Microsoft Visual Studio Solution File, Format Version 12.00
# Visual Studio Version 17
VisualStudioVersion = 17.6.33829.357
MinimumVisualStudioVersion = 10.0.40219.1
Project("{9A19103F-16F7-4668-BE54-9A1E7A4F7556}") = "braviback", "braviback\braviback.csproj", "{CDFB019A-97D0-4F35-A024-7C79A3E22AA0}"
EndProject
Project("{FAE04EC0-301F-11D3-BF4B-00C04F79EFBC}") = "Repository", "Repository\Repository.csproj", "{B3BC9550-91DD-489B-9AB3-E525516004DD}"
EndProject
Project("{FAE04EC0-301F-11D3-BF4B-00C04F79EFBC}") = "Models", "Models\Models.csproj", "{94E387D9-AEFF-47BE-B0E5-42ECD3746D96}"
EndProject
Global
	GlobalSection(SolutionConfigurationPlatforms) = preSolution
		Debug|Any CPU = Debug|Any CPU
		Release|Any CPU = Release|Any CPU
	EndGlobalSection
	GlobalSection(ProjectConfigurationPlatforms) = postSolution
		{CDFB019A-97D0-4F35-A024-7C79A3E22AA0}.Debug|Any CPU.ActiveCfg = Debug|Any CPU
		{CDFB019A-97D0-4F35-A024-7C79A3E22AA0}.Debug|Any CPU.Build.0 = Debug|Any CPU
		{CDFB019A-97D0-4F35-A024-7C79A3E22AA0}.Release|Any CPU.ActiveCfg = Release|Any CPU
		{CDFB019A-97D0-4F35-A024-7C79A3E22AA0}.Release|Any CPU.Build.0 = Release|Any CPU
		{B3BC9550-91DD-489B-9AB3-E525516004DD}.Debug|Any CPU.ActiveCfg = Debug|Any CPU
		{B3BC9550-91DD-489B-9AB3-E525516004DD}.Debug|Any CPU.Build.0 = Debug|Any CPU
		{B3BC9550-91DD-489B-9AB3-E525516004DD}.Release|Any CPU.ActiveCfg = Release|Any CPU
		{B3BC9550-91DD-489B-9AB3-E525516004DD}.Release|Any CPU.Build.0 = Release|Any CPU
		{94E387D9-AEFF-47BE-B0E5-42ECD3746D96}.Debug|Any CPU.ActiveCfg = Debug|Any CPU
		{94E387D9-AEFF-47BE-B0E5-42ECD3746D96}.Debug|Any CPU.Build.0 = Debug|Any CPU
		{94E387D9-AEFF-47BE-B0E5-42ECD3746D96}.Release|Any CPU.ActiveCfg = Release|Any CPU
		{94E387D9-AEFF-47BE-B0E5-42ECD3746D96}.Release|Any CPU.Build.0 = Release|Any CPU
	EndGlobalSection
	GlobalSection(SolutionProperties) = preSolution
		HideSolutionNode = FALSE
	EndGlobalSection
	GlobalSection(ExtensibilityGlobals) = postSolution
		SolutionGuid = {21F7668E-8F23-47C3-BFA5-36A4E65B69F3}
	EndGlobalSection
EndGlobal
